// !$*UTF8*$!
{
	archiveVersion = 1;
	classes = {
	};
	objectVersion = 56;
	objects = {

/* Begin PBXBuildFile section */
		855C33EB2A49CC790059DE7A /* KeyboardGuardian.swift in Sources */ = {isa = PBXBuildFile; fileRef = 855C33EA2A49CC790059DE7A /* KeyboardGuardian.swift */; };
		857F59802A4860AB0030E73E /* RegisterScreen.swift in Sources */ = {isa = PBXBuildFile; fileRef = 857F597F2A485A670030E73E /* RegisterScreen.swift */; };
		8585C36C2A47838B0052D8D4 /* YAButtonBackground.swift in Sources */ = {isa = PBXBuildFile; fileRef = 8585C36B2A47838B0052D8D4 /* YAButtonBackground.swift */; };
		8585C36E2A47850B0052D8D4 /* YETextField.swift in Sources */ = {isa = PBXBuildFile; fileRef = 8585C36D2A47850B0052D8D4 /* YETextField.swift */; };
		8599D0572A4310F900836FB1 /* AppStoreApp.swift in Sources */ = {isa = PBXBuildFile; fileRef = 8599D0562A4310F900836FB1 /* AppStoreApp.swift */; };
		8599D0592A4310F900836FB1 /* LoginScreen.swift in Sources */ = {isa = PBXBuildFile; fileRef = 8599D0582A4310F900836FB1 /* LoginScreen.swift */; };
		8599D05B2A4310FA00836FB1 /* Assets.xcassets in Resources */ = {isa = PBXBuildFile; fileRef = 8599D05A2A4310FA00836FB1 /* Assets.xcassets */; };
		8599D05F2A4310FA00836FB1 /* Preview Assets.xcassets in Resources */ = {isa = PBXBuildFile; fileRef = 8599D05E2A4310FA00836FB1 /* Preview Assets.xcassets */; };
		8599D06F2A431AB000836FB1 /* TabBarView.swift in Sources */ = {isa = PBXBuildFile; fileRef = 8599D06B2A431AB000836FB1 /* TabBarView.swift */; };
		8599D0712A431AB000836FB1 /* TabBarItemView.swift in Sources */ = {isa = PBXBuildFile; fileRef = 8599D06D2A431AB000836FB1 /* TabBarItemView.swift */; };
		8599D0722A431AB000836FB1 /* MenuItemView.swift in Sources */ = {isa = PBXBuildFile; fileRef = 8599D06E2A431AB000836FB1 /* MenuItemView.swift */; };
		8599D0752A43230600836FB1 /* Color++hex.swift in Sources */ = {isa = PBXBuildFile; fileRef = 8599D0742A43230600836FB1 /* Color++hex.swift */; };
		85DB61742A4A20EF005A4001 /* CategoriesScreen.swift in Sources */ = {isa = PBXBuildFile; fileRef = 85DB61732A4A20EF005A4001 /* CategoriesScreen.swift */; };
		85DB61762A4A21A1005A4001 /* HomeScreen.swift in Sources */ = {isa = PBXBuildFile; fileRef = 85DB61752A4A20FD005A4001 /* HomeScreen.swift */; };
		85DB61792A4A2884005A4001 /* ImageCarouselView.swift in Sources */ = {isa = PBXBuildFile; fileRef = 85DB61782A4A2884005A4001 /* ImageCarouselView.swift */; };
		85DB617C2A4A2E0F005A4001 /* User.swift in Sources */ = {isa = PBXBuildFile; fileRef = 85DB617B2A4A2E0F005A4001 /* User.swift */; };
		85DB617E2A4A3A8E005A4001 /* CategoryRow.swift in Sources */ = {isa = PBXBuildFile; fileRef = 85DB617D2A4A3A8E005A4001 /* CategoryRow.swift */; };
		85DB61812A4A3AC8005A4001 /* Category.swift in Sources */ = {isa = PBXBuildFile; fileRef = 85DB61802A4A3AC8005A4001 /* Category.swift */; };
		85DB61832A4A3B3D005A4001 /* Item.swift in Sources */ = {isa = PBXBuildFile; fileRef = 85DB61822A4A3B3D005A4001 /* Item.swift */; };
		85DB61862A4A3BE1005A4001 /* CategoryItem.swift in Sources */ = {isa = PBXBuildFile; fileRef = 85DB61852A4A3BA3005A4001 /* CategoryItem.swift */; };
		85DB61892A4A4CB2005A4001 /* MyService.swift in Sources */ = {isa = PBXBuildFile; fileRef = 85DB61882A4A4CB2005A4001 /* MyService.swift */; };
		85DB618C2A4A5832005A4001 /* Moya in Frameworks */ = {isa = PBXBuildFile; productRef = 85DB618B2A4A5832005A4001 /* Moya */; };
/* End PBXBuildFile section */

/* Begin PBXFileReference section */
		855C33EA2A49CC790059DE7A /* KeyboardGuardian.swift */ = {isa = PBXFileReference; lastKnownFileType = sourcecode.swift; path = KeyboardGuardian.swift; sourceTree = "<group>"; };
		857F597F2A485A670030E73E /* RegisterScreen.swift */ = {isa = PBXFileReference; lastKnownFileType = sourcecode.swift; path = RegisterScreen.swift; sourceTree = "<group>"; };
		8585C36B2A47838B0052D8D4 /* YAButtonBackground.swift */ = {isa = PBXFileReference; lastKnownFileType = sourcecode.swift; path = YAButtonBackground.swift; sourceTree = "<group>"; };
		8585C36D2A47850B0052D8D4 /* YETextField.swift */ = {isa = PBXFileReference; lastKnownFileType = sourcecode.swift; path = YETextField.swift; sourceTree = "<group>"; };
		8599D0532A4310F900836FB1 /* AppStore.app */ = {isa = PBXFileReference; explicitFileType = wrapper.application; includeInIndex = 0; path = AppStore.app; sourceTree = BUILT_PRODUCTS_DIR; };
		8599D0562A4310F900836FB1 /* AppStoreApp.swift */ = {isa = PBXFileReference; lastKnownFileType = sourcecode.swift; path = AppStoreApp.swift; sourceTree = "<group>"; };
		8599D0582A4310F900836FB1 /* LoginScreen.swift */ = {isa = PBXFileReference; lastKnownFileType = sourcecode.swift; path = LoginScreen.swift; sourceTree = "<group>"; };
		8599D05A2A4310FA00836FB1 /* Assets.xcassets */ = {isa = PBXFileReference; lastKnownFileType = folder.assetcatalog; path = Assets.xcassets; sourceTree = "<group>"; };
		8599D05C2A4310FA00836FB1 /* AppStore.entitlements */ = {isa = PBXFileReference; lastKnownFileType = text.plist.entitlements; path = AppStore.entitlements; sourceTree = "<group>"; };
		8599D05E2A4310FA00836FB1 /* Preview Assets.xcassets */ = {isa = PBXFileReference; lastKnownFileType = folder.assetcatalog; path = "Preview Assets.xcassets"; sourceTree = "<group>"; };
		8599D06B2A431AB000836FB1 /* TabBarView.swift */ = {isa = PBXFileReference; fileEncoding = 4; lastKnownFileType = sourcecode.swift; path = TabBarView.swift; sourceTree = "<group>"; };
		8599D06D2A431AB000836FB1 /* TabBarItemView.swift */ = {isa = PBXFileReference; fileEncoding = 4; lastKnownFileType = sourcecode.swift; path = TabBarItemView.swift; sourceTree = "<group>"; };
		8599D06E2A431AB000836FB1 /* MenuItemView.swift */ = {isa = PBXFileReference; fileEncoding = 4; lastKnownFileType = sourcecode.swift; path = MenuItemView.swift; sourceTree = "<group>"; };
		8599D0742A43230600836FB1 /* Color++hex.swift */ = {isa = PBXFileReference; lastKnownFileType = sourcecode.swift; path = "Color++hex.swift"; sourceTree = "<group>"; };
		85DB61732A4A20EF005A4001 /* CategoriesScreen.swift */ = {isa = PBXFileReference; lastKnownFileType = sourcecode.swift; path = CategoriesScreen.swift; sourceTree = "<group>"; };
		85DB61752A4A20FD005A4001 /* HomeScreen.swift */ = {isa = PBXFileReference; lastKnownFileType = sourcecode.swift; path = HomeScreen.swift; sourceTree = "<group>"; };
		85DB61782A4A2884005A4001 /* ImageCarouselView.swift */ = {isa = PBXFileReference; fileEncoding = 4; lastKnownFileType = sourcecode.swift; path = ImageCarouselView.swift; sourceTree = "<group>"; };
		85DB617B2A4A2E0F005A4001 /* User.swift */ = {isa = PBXFileReference; lastKnownFileType = sourcecode.swift; path = User.swift; sourceTree = "<group>"; };
		85DB617D2A4A3A8E005A4001 /* CategoryRow.swift */ = {isa = PBXFileReference; fileEncoding = 4; lastKnownFileType = sourcecode.swift; path = CategoryRow.swift; sourceTree = "<group>"; };
		85DB61802A4A3AC8005A4001 /* Category.swift */ = {isa = PBXFileReference; lastKnownFileType = sourcecode.swift; path = Category.swift; sourceTree = "<group>"; };
		85DB61822A4A3B3D005A4001 /* Item.swift */ = {isa = PBXFileReference; lastKnownFileType = sourcecode.swift; path = Item.swift; sourceTree = "<group>"; };
		85DB61852A4A3BA3005A4001 /* CategoryItem.swift */ = {isa = PBXFileReference; lastKnownFileType = sourcecode.swift; path = CategoryItem.swift; sourceTree = "<group>"; };
		85DB61882A4A4CB2005A4001 /* MyService.swift */ = {isa = PBXFileReference; lastKnownFileType = sourcecode.swift; path = MyService.swift; sourceTree = "<group>"; };
/* End PBXFileReference section */

/* Begin PBXFrameworksBuildPhase section */
		8599D0502A4310F900836FB1 /* Frameworks */ = {
			isa = PBXFrameworksBuildPhase;
			buildActionMask = 2147483647;
			files = (
				85DB618C2A4A5832005A4001 /* Moya in Frameworks */,
			);
			runOnlyForDeploymentPostprocessing = 0;
		};
/* End PBXFrameworksBuildPhase section */

/* Begin PBXGroup section */
		857F597D2A485A490030E73E /* Register */ = {
			isa = PBXGroup;
			children = (
				857F597F2A485A670030E73E /* RegisterScreen.swift */,
			);
			path = Register;
			sourceTree = "<group>";
		};
		857F597E2A485A540030E73E /* Auth */ = {
			isa = PBXGroup;
			children = (
				857F597D2A485A490030E73E /* Register */,
				8599D0692A43195200836FB1 /* Login */,
			);
			path = Auth;
			sourceTree = "<group>";
		};
		8585C36A2A4783710052D8D4 /* CustomView */ = {
			isa = PBXGroup;
			children = (
				8585C36B2A47838B0052D8D4 /* YAButtonBackground.swift */,
				8585C36D2A47850B0052D8D4 /* YETextField.swift */,
			);
			path = CustomView;
			sourceTree = "<group>";
		};
		8599D04A2A4310F900836FB1 = {
			isa = PBXGroup;
			children = (
				8599D0552A4310F900836FB1 /* AppStore */,
				8599D0542A4310F900836FB1 /* Products */,
			);
			sourceTree = "<group>";
		};
		8599D0542A4310F900836FB1 /* Products */ = {
			isa = PBXGroup;
			children = (
				8599D0532A4310F900836FB1 /* AppStore.app */,
			);
			name = Products;
			sourceTree = "<group>";
		};
		8599D0552A4310F900836FB1 /* AppStore */ = {
			isa = PBXGroup;
			children = (
				85DB61872A4A4C97005A4001 /* Api */,
				8599D05C2A4310FA00836FB1 /* AppStore.entitlements */,
				85DB617A2A4A2E00005A4001 /* Model */,
				8585C36A2A4783710052D8D4 /* CustomView */,
				8599D0732A4322F800836FB1 /* Extension */,
				8599D0682A43193B00836FB1 /* Recs */,
				8599D0672A43192F00836FB1 /* App */,
				8599D0652A43191F00836FB1 /* Screen */,
				8599D05D2A4310FA00836FB1 /* Preview Content */,
			);
			path = AppStore;
			sourceTree = "<group>";
		};
		8599D05D2A4310FA00836FB1 /* Preview Content */ = {
			isa = PBXGroup;
			children = (
				8599D05E2A4310FA00836FB1 /* Preview Assets.xcassets */,
			);
			path = "Preview Content";
			sourceTree = "<group>";
		};
		8599D0652A43191F00836FB1 /* Screen */ = {
			isa = PBXGroup;
			children = (
				85DB61722A4A20A4005A4001 /* Categories */,
				85DB61712A4A2097005A4001 /* Home */,
				857F597E2A485A540030E73E /* Auth */,
				8599D06A2A431A7800836FB1 /* CustomTabView */,
			);
			path = Screen;
			sourceTree = "<group>";
		};
		8599D0672A43192F00836FB1 /* App */ = {
			isa = PBXGroup;
			children = (
				8599D0562A4310F900836FB1 /* AppStoreApp.swift */,
			);
			path = App;
			sourceTree = "<group>";
		};
		8599D0682A43193B00836FB1 /* Recs */ = {
			isa = PBXGroup;
			children = (
				8599D05A2A4310FA00836FB1 /* Assets.xcassets */,
			);
			path = Recs;
			sourceTree = "<group>";
		};
		8599D0692A43195200836FB1 /* Login */ = {
			isa = PBXGroup;
			children = (
				8599D0582A4310F900836FB1 /* LoginScreen.swift */,
			);
			path = Login;
			sourceTree = "<group>";
		};
		8599D06A2A431A7800836FB1 /* CustomTabView */ = {
			isa = PBXGroup;
			children = (
				8599D06E2A431AB000836FB1 /* MenuItemView.swift */,
				8599D06D2A431AB000836FB1 /* TabBarItemView.swift */,
				8599D06B2A431AB000836FB1 /* TabBarView.swift */,
			);
			path = CustomTabView;
			sourceTree = "<group>";
		};
		8599D0732A4322F800836FB1 /* Extension */ = {
			isa = PBXGroup;
			children = (
				8599D0742A43230600836FB1 /* Color++hex.swift */,
				855C33EA2A49CC790059DE7A /* KeyboardGuardian.swift */,
			);
			path = Extension;
			sourceTree = "<group>";
		};
		85DB61712A4A2097005A4001 /* Home */ = {
			isa = PBXGroup;
			children = (
				85DB61772A4A21D1005A4001 /* Items */,
				85DB61752A4A20FD005A4001 /* HomeScreen.swift */,
			);
			path = Home;
			sourceTree = "<group>";
		};
		85DB61722A4A20A4005A4001 /* Categories */ = {
			isa = PBXGroup;
			children = (
				85DB61842A4A3B93005A4001 /* Item */,
				85DB617F2A4A3A92005A4001 /* Row */,
				85DB61732A4A20EF005A4001 /* CategoriesScreen.swift */,
			);
			path = Categories;
			sourceTree = "<group>";
		};
		85DB61772A4A21D1005A4001 /* Items */ = {
			isa = PBXGroup;
			children = (
				85DB61782A4A2884005A4001 /* ImageCarouselView.swift */,
			);
			path = Items;
			sourceTree = "<group>";
		};
		85DB617A2A4A2E00005A4001 /* Model */ = {
			isa = PBXGroup;
			children = (
				85DB61802A4A3AC8005A4001 /* Category.swift */,
				85DB61822A4A3B3D005A4001 /* Item.swift */,
				85DB617B2A4A2E0F005A4001 /* User.swift */,
			);
			path = Model;
			sourceTree = "<group>";
		};
		85DB617F2A4A3A92005A4001 /* Row */ = {
			isa = PBXGroup;
			children = (
				85DB617D2A4A3A8E005A4001 /* CategoryRow.swift */,
			);
			path = Row;
			sourceTree = "<group>";
		};
		85DB61842A4A3B93005A4001 /* Item */ = {
			isa = PBXGroup;
			children = (
				85DB61852A4A3BA3005A4001 /* CategoryItem.swift */,
			);
			path = Item;
			sourceTree = "<group>";
		};
		85DB61872A4A4C97005A4001 /* Api */ = {
			isa = PBXGroup;
			children = (
				85DB61882A4A4CB2005A4001 /* MyService.swift */,
			);
			path = Api;
			sourceTree = "<group>";
		};
/* End PBXGroup section */

/* Begin PBXNativeTarget section */
		8599D0522A4310F900836FB1 /* AppStore */ = {
			isa = PBXNativeTarget;
			buildConfigurationList = 8599D0622A4310FA00836FB1 /* Build configuration list for PBXNativeTarget "AppStore" */;
			buildPhases = (
				8599D04F2A4310F900836FB1 /* Sources */,
				8599D0502A4310F900836FB1 /* Frameworks */,
				8599D0512A4310F900836FB1 /* Resources */,
			);
			buildRules = (
			);
			dependencies = (
			);
			name = AppStore;
			packageProductDependencies = (
				85DB618B2A4A5832005A4001 /* Moya */,
			);
			productName = AppStore;
			productReference = 8599D0532A4310F900836FB1 /* AppStore.app */;
			productType = "com.apple.product-type.application";
		};
/* End PBXNativeTarget section */

/* Begin PBXProject section */
		8599D04B2A4310F900836FB1 /* Project object */ = {
			isa = PBXProject;
			attributes = {
				BuildIndependentTargetsInParallel = 1;
				LastSwiftUpdateCheck = 1420;
				LastUpgradeCheck = 1430;
				TargetAttributes = {
					8599D0522A4310F900836FB1 = {
						CreatedOnToolsVersion = 14.2;
					};
				};
			};
			buildConfigurationList = 8599D04E2A4310F900836FB1 /* Build configuration list for PBXProject "AppStore" */;
			compatibilityVersion = "Xcode 14.0";
			developmentRegion = en;
			hasScannedForEncodings = 0;
			knownRegions = (
				en,
				Base,
			);
			mainGroup = 8599D04A2A4310F900836FB1;
			packageReferences = (
				85DB618A2A4A5832005A4001 /* XCRemoteSwiftPackageReference "Moya" */,
			);
			productRefGroup = 8599D0542A4310F900836FB1 /* Products */;
			projectDirPath = "";
			projectRoot = "";
			targets = (
				8599D0522A4310F900836FB1 /* AppStore */,
			);
		};
/* End PBXProject section */

/* Begin PBXResourcesBuildPhase section */
		8599D0512A4310F900836FB1 /* Resources */ = {
			isa = PBXResourcesBuildPhase;
			buildActionMask = 2147483647;
			files = (
				8599D05F2A4310FA00836FB1 /* Preview Assets.xcassets in Resources */,
				8599D05B2A4310FA00836FB1 /* Assets.xcassets in Resources */,
			);
			runOnlyForDeploymentPostprocessing = 0;
		};
/* End PBXResourcesBuildPhase section */

/* Begin PBXSourcesBuildPhase section */
		8599D04F2A4310F900836FB1 /* Sources */ = {
			isa = PBXSourcesBuildPhase;
			buildActionMask = 2147483647;
			files = (
				8599D0592A4310F900836FB1 /* LoginScreen.swift in Sources */,
				855C33EB2A49CC790059DE7A /* KeyboardGuardian.swift in Sources */,
				8599D06F2A431AB000836FB1 /* TabBarView.swift in Sources */,
				8599D0712A431AB000836FB1 /* TabBarItemView.swift in Sources */,
				85DB61812A4A3AC8005A4001 /* Category.swift in Sources */,
				857F59802A4860AB0030E73E /* RegisterScreen.swift in Sources */,
				8585C36E2A47850B0052D8D4 /* YETextField.swift in Sources */,
				85DB617C2A4A2E0F005A4001 /* User.swift in Sources */,
				85DB617E2A4A3A8E005A4001 /* CategoryRow.swift in Sources */,
				85DB61832A4A3B3D005A4001 /* Item.swift in Sources */,
				85DB61742A4A20EF005A4001 /* CategoriesScreen.swift in Sources */,
				8599D0722A431AB000836FB1 /* MenuItemView.swift in Sources */,
				85DB61762A4A21A1005A4001 /* HomeScreen.swift in Sources */,
				8599D0572A4310F900836FB1 /* AppStoreApp.swift in Sources */,
				8599D0752A43230600836FB1 /* Color++hex.swift in Sources */,
				85DB61892A4A4CB2005A4001 /* MyService.swift in Sources */,
				85DB61792A4A2884005A4001 /* ImageCarouselView.swift in Sources */,
				85DB61862A4A3BE1005A4001 /* CategoryItem.swift in Sources */,
				8585C36C2A47838B0052D8D4 /* YAButtonBackground.swift in Sources */,
			);
			runOnlyForDeploymentPostprocessing = 0;
		};
/* End PBXSourcesBuildPhase section */

/* Begin XCBuildConfiguration section */
		8599D0602A4310FA00836FB1 /* Debug */ = {
			isa = XCBuildConfiguration;
			buildSettings = {
				ALWAYS_SEARCH_USER_PATHS = NO;
				CLANG_ANALYZER_NONNULL = YES;
				CLANG_ANALYZER_NUMBER_OBJECT_CONVERSION = YES_AGGRESSIVE;
				CLANG_CXX_LANGUAGE_STANDARD = "gnu++20";
				CLANG_ENABLE_MODULES = YES;
				CLANG_ENABLE_OBJC_ARC = YES;
				CLANG_ENABLE_OBJC_WEAK = YES;
				CLANG_WARN_BLOCK_CAPTURE_AUTORELEASING = YES;
				CLANG_WARN_BOOL_CONVERSION = YES;
				CLANG_WARN_COMMA = YES;
				CLANG_WARN_CONSTANT_CONVERSION = YES;
				CLANG_WARN_DEPRECATED_OBJC_IMPLEMENTATIONS = YES;
				CLANG_WARN_DIRECT_OBJC_ISA_USAGE = YES_ERROR;
				CLANG_WARN_DOCUMENTATION_COMMENTS = YES;
				CLANG_WARN_EMPTY_BODY = YES;
				CLANG_WARN_ENUM_CONVERSION = YES;
				CLANG_WARN_INFINITE_RECURSION = YES;
				CLANG_WARN_INT_CONVERSION = YES;
				CLANG_WARN_NON_LITERAL_NULL_CONVERSION = YES;
				CLANG_WARN_OBJC_IMPLICIT_RETAIN_SELF = YES;
				CLANG_WARN_OBJC_LITERAL_CONVERSION = YES;
				CLANG_WARN_OBJC_ROOT_CLASS = YES_ERROR;
				CLANG_WARN_QUOTED_INCLUDE_IN_FRAMEWORK_HEADER = YES;
				CLANG_WARN_RANGE_LOOP_ANALYSIS = YES;
				CLANG_WARN_STRICT_PROTOTYPES = YES;
				CLANG_WARN_SUSPICIOUS_MOVE = YES;
				CLANG_WARN_UNGUARDED_AVAILABILITY = YES_AGGRESSIVE;
				CLANG_WARN_UNREACHABLE_CODE = YES;
				CLANG_WARN__DUPLICATE_METHOD_MATCH = YES;
				COPY_PHASE_STRIP = NO;
				DEAD_CODE_STRIPPING = YES;
				DEBUG_INFORMATION_FORMAT = dwarf;
				ENABLE_STRICT_OBJC_MSGSEND = YES;
				ENABLE_TESTABILITY = YES;
				GCC_C_LANGUAGE_STANDARD = gnu11;
				GCC_DYNAMIC_NO_PIC = NO;
				GCC_NO_COMMON_BLOCKS = YES;
				GCC_OPTIMIZATION_LEVEL = 0;
				GCC_PREPROCESSOR_DEFINITIONS = (
					"DEBUG=1",
					"$(inherited)",
				);
				GCC_WARN_64_TO_32_BIT_CONVERSION = YES;
				GCC_WARN_ABOUT_RETURN_TYPE = YES_ERROR;
				GCC_WARN_UNDECLARED_SELECTOR = YES;
				GCC_WARN_UNINITIALIZED_AUTOS = YES_AGGRESSIVE;
				GCC_WARN_UNUSED_FUNCTION = YES;
				GCC_WARN_UNUSED_VARIABLE = YES;
				MTL_ENABLE_DEBUG_INFO = INCLUDE_SOURCE;
				MTL_FAST_MATH = YES;
				ONLY_ACTIVE_ARCH = YES;
				SWIFT_ACTIVE_COMPILATION_CONDITIONS = DEBUG;
				SWIFT_OPTIMIZATION_LEVEL = "-Onone";
			};
			name = Debug;
		};
		8599D0612A4310FA00836FB1 /* Release */ = {
			isa = XCBuildConfiguration;
			buildSettings = {
				ALWAYS_SEARCH_USER_PATHS = NO;
				CLANG_ANALYZER_NONNULL = YES;
				CLANG_ANALYZER_NUMBER_OBJECT_CONVERSION = YES_AGGRESSIVE;
				CLANG_CXX_LANGUAGE_STANDARD = "gnu++20";
				CLANG_ENABLE_MODULES = YES;
				CLANG_ENABLE_OBJC_ARC = YES;
				CLANG_ENABLE_OBJC_WEAK = YES;
				CLANG_WARN_BLOCK_CAPTURE_AUTORELEASING = YES;
				CLANG_WARN_BOOL_CONVERSION = YES;
				CLANG_WARN_COMMA = YES;
				CLANG_WARN_CONSTANT_CONVERSION = YES;
				CLANG_WARN_DEPRECATED_OBJC_IMPLEMENTATIONS = YES;
				CLANG_WARN_DIRECT_OBJC_ISA_USAGE = YES_ERROR;
				CLANG_WARN_DOCUMENTATION_COMMENTS = YES;
				CLANG_WARN_EMPTY_BODY = YES;
				CLANG_WARN_ENUM_CONVERSION = YES;
				CLANG_WARN_INFINITE_RECURSION = YES;
				CLANG_WARN_INT_CONVERSION = YES;
				CLANG_WARN_NON_LITERAL_NULL_CONVERSION = YES;
				CLANG_WARN_OBJC_IMPLICIT_RETAIN_SELF = YES;
				CLANG_WARN_OBJC_LITERAL_CONVERSION = YES;
				CLANG_WARN_OBJC_ROOT_CLASS = YES_ERROR;
				CLANG_WARN_QUOTED_INCLUDE_IN_FRAMEWORK_HEADER = YES;
				CLANG_WARN_RANGE_LOOP_ANALYSIS = YES;
				CLANG_WARN_STRICT_PROTOTYPES = YES;
				CLANG_WARN_SUSPICIOUS_MOVE = YES;
				CLANG_WARN_UNGUARDED_AVAILABILITY = YES_AGGRESSIVE;
				CLANG_WARN_UNREACHABLE_CODE = YES;
				CLANG_WARN__DUPLICATE_METHOD_MATCH = YES;
				COPY_PHASE_STRIP = NO;
				DEAD_CODE_STRIPPING = YES;
				DEBUG_INFORMATION_FORMAT = "dwarf-with-dsym";
				ENABLE_NS_ASSERTIONS = NO;
				ENABLE_STRICT_OBJC_MSGSEND = YES;
				GCC_C_LANGUAGE_STANDARD = gnu11;
				GCC_NO_COMMON_BLOCKS = YES;
				GCC_WARN_64_TO_32_BIT_CONVERSION = YES;
				GCC_WARN_ABOUT_RETURN_TYPE = YES_ERROR;
				GCC_WARN_UNDECLARED_SELECTOR = YES;
				GCC_WARN_UNINITIALIZED_AUTOS = YES_AGGRESSIVE;
				GCC_WARN_UNUSED_FUNCTION = YES;
				GCC_WARN_UNUSED_VARIABLE = YES;
				MTL_ENABLE_DEBUG_INFO = NO;
				MTL_FAST_MATH = YES;
				SWIFT_COMPILATION_MODE = wholemodule;
				SWIFT_OPTIMIZATION_LEVEL = "-O";
			};
			name = Release;
		};
		8599D0632A4310FA00836FB1 /* Debug */ = {
			isa = XCBuildConfiguration;
			buildSettings = {
				ASSETCATALOG_COMPILER_APPICON_NAME = AppIcon;
				ASSETCATALOG_COMPILER_GLOBAL_ACCENT_COLOR_NAME = AccentColor;
				CODE_SIGN_ENTITLEMENTS = AppStore/AppStore.entitlements;
				CODE_SIGN_IDENTITY = "Apple Development";
				CODE_SIGN_STYLE = Automatic;
				CURRENT_PROJECT_VERSION = 1;
				DEAD_CODE_STRIPPING = YES;
				DEVELOPMENT_ASSET_PATHS = "\"AppStore/Preview Content\"";
				DEVELOPMENT_TEAM = 4RUT27V6FD;
				ENABLE_HARDENED_RUNTIME = YES;
				ENABLE_PREVIEWS = YES;
				GENERATE_INFOPLIST_FILE = YES;
				"INFOPLIST_KEY_UIApplicationSceneManifest_Generation[sdk=iphoneos*]" = YES;
				"INFOPLIST_KEY_UIApplicationSceneManifest_Generation[sdk=iphonesimulator*]" = YES;
				"INFOPLIST_KEY_UIApplicationSupportsIndirectInputEvents[sdk=iphoneos*]" = YES;
				"INFOPLIST_KEY_UIApplicationSupportsIndirectInputEvents[sdk=iphonesimulator*]" = YES;
				"INFOPLIST_KEY_UILaunchScreen_Generation[sdk=iphoneos*]" = YES;
				"INFOPLIST_KEY_UILaunchScreen_Generation[sdk=iphonesimulator*]" = YES;
				"INFOPLIST_KEY_UIStatusBarStyle[sdk=iphoneos*]" = UIStatusBarStyleDefault;
				"INFOPLIST_KEY_UIStatusBarStyle[sdk=iphonesimulator*]" = UIStatusBarStyleDefault;
				INFOPLIST_KEY_UISupportedInterfaceOrientations_iPad = "UIInterfaceOrientationPortrait UIInterfaceOrientationPortraitUpsideDown UIInterfaceOrientationLandscapeLeft UIInterfaceOrientationLandscapeRight";
				INFOPLIST_KEY_UISupportedInterfaceOrientations_iPhone = "UIInterfaceOrientationPortrait UIInterfaceOrientationLandscapeLeft UIInterfaceOrientationLandscapeRight";
				IPHONEOS_DEPLOYMENT_TARGET = 16.2;
				LD_RUNPATH_SEARCH_PATHS = "@executable_path/Frameworks";
				"LD_RUNPATH_SEARCH_PATHS[sdk=macosx*]" = "@executable_path/../Frameworks";
				MACOSX_DEPLOYMENT_TARGET = 12.6;
				MARKETING_VERSION = 1.0;
				PRODUCT_BUNDLE_IDENTIFIER = com.3sr0store.AppStore;
				PRODUCT_NAME = "$(TARGET_NAME)";
				PROVISIONING_PROFILE_SPECIFIER = "";
				SDKROOT = auto;
				SUPPORTED_PLATFORMS = "iphoneos iphonesimulator";
				SUPPORTS_MACCATALYST = NO;
				SUPPORTS_MAC_DESIGNED_FOR_IPHONE_IPAD = NO;
				SWIFT_EMIT_LOC_STRINGS = YES;
				SWIFT_VERSION = 5.0;
				TARGETED_DEVICE_FAMILY = "1,2";
			};
			name = Debug;
		};
		8599D0642A4310FA00836FB1 /* Release */ = {
			isa = XCBuildConfiguration;
			buildSettings = {
				ASSETCATALOG_COMPILER_APPICON_NAME = AppIcon;
				ASSETCATALOG_COMPILER_GLOBAL_ACCENT_COLOR_NAME = AccentColor;
				CODE_SIGN_ENTITLEMENTS = AppStore/AppStore.entitlements;
				CODE_SIGN_IDENTITY = "Apple Development";
				CODE_SIGN_STYLE = Automatic;
				CURRENT_PROJECT_VERSION = 1;
				DEAD_CODE_STRIPPING = YES;
				DEVELOPMENT_ASSET_PATHS = "\"AppStore/Preview Content\"";
				DEVELOPMENT_TEAM = 4RUT27V6FD;
				ENABLE_HARDENED_RUNTIME = YES;
				ENABLE_PREVIEWS = YES;
				GENERATE_INFOPLIST_FILE = YES;
				"INFOPLIST_KEY_UIApplicationSceneManifest_Generation[sdk=iphoneos*]" = YES;
				"INFOPLIST_KEY_UIApplicationSceneManifest_Generation[sdk=iphonesimulator*]" = YES;
				"INFOPLIST_KEY_UIApplicationSupportsIndirectInputEvents[sdk=iphoneos*]" = YES;
				"INFOPLIST_KEY_UIApplicationSupportsIndirectInputEvents[sdk=iphonesimulator*]" = YES;
				"INFOPLIST_KEY_UILaunchScreen_Generation[sdk=iphoneos*]" = YES;
				"INFOPLIST_KEY_UILaunchScreen_Generation[sdk=iphonesimulator*]" = YES;
				"INFOPLIST_KEY_UIStatusBarStyle[sdk=iphoneos*]" = UIStatusBarStyleDefault;
				"INFOPLIST_KEY_UIStatusBarStyle[sdk=iphonesimulator*]" = UIStatusBarStyleDefault;
				INFOPLIST_KEY_UISupportedInterfaceOrientations_iPad = "UIInterfaceOrientationPortrait UIInterfaceOrientationPortraitUpsideDown UIInterfaceOrientationLandscapeLeft UIInterfaceOrientationLandscapeRight";
				INFOPLIST_KEY_UISupportedInterfaceOrientations_iPhone = "UIInterfaceOrientationPortrait UIInterfaceOrientationLandscapeLeft UIInterfaceOrientationLandscapeRight";
				IPHONEOS_DEPLOYMENT_TARGET = 16.2;
				LD_RUNPATH_SEARCH_PATHS = "@executable_path/Frameworks";
				"LD_RUNPATH_SEARCH_PATHS[sdk=macosx*]" = "@executable_path/../Frameworks";
				MACOSX_DEPLOYMENT_TARGET = 12.6;
				MARKETING_VERSION = 1.0;
				PRODUCT_BUNDLE_IDENTIFIER = com.3sr0store.AppStore;
				PRODUCT_NAME = "$(TARGET_NAME)";
				PROVISIONING_PROFILE_SPECIFIER = "";
				SDKROOT = auto;
				SUPPORTED_PLATFORMS = "iphoneos iphonesimulator";
				SUPPORTS_MACCATALYST = NO;
				SUPPORTS_MAC_DESIGNED_FOR_IPHONE_IPAD = NO;
				SWIFT_EMIT_LOC_STRINGS = YES;
				SWIFT_VERSION = 5.0;
				TARGETED_DEVICE_FAMILY = "1,2";
			};
			name = Release;
		};
/* End XCBuildConfiguration section */

/* Begin XCConfigurationList section */
		8599D04E2A4310F900836FB1 /* Build configuration list for PBXProject "AppStore" */ = {
			isa = XCConfigurationList;
			buildConfigurations = (
				8599D0602A4310FA00836FB1 /* Debug */,
				8599D0612A4310FA00836FB1 /* Release */,
			);
			defaultConfigurationIsVisible = 0;
			defaultConfigurationName = Release;
		};
		8599D0622A4310FA00836FB1 /* Build configuration list for PBXNativeTarget "AppStore" */ = {
			isa = XCConfigurationList;
			buildConfigurations = (
				8599D0632A4310FA00836FB1 /* Debug */,
				8599D0642A4310FA00836FB1 /* Release */,
			);
			defaultConfigurationIsVisible = 0;
			defaultConfigurationName = Release;
		};
/* End XCConfigurationList section */

/* Begin XCRemoteSwiftPackageReference section */
		85DB618A2A4A5832005A4001 /* XCRemoteSwiftPackageReference "Moya" */ = {
			isa = XCRemoteSwiftPackageReference;
			repositoryURL = "https://github.com/Moya/Moya.git";
			requirement = {
				branch = master;
				kind = branch;
			};
		};
/* End XCRemoteSwiftPackageReference section */

/* Begin XCSwiftPackageProductDependency section */
		85DB618B2A4A5832005A4001 /* Moya */ = {
			isa = XCSwiftPackageProductDependency;
			package = 85DB618A2A4A5832005A4001 /* XCRemoteSwiftPackageReference "Moya" */;
			productName = Moya;
		};
/* End XCSwiftPackageProductDependency section */
	};
	rootObject = 8599D04B2A4310F900836FB1 /* Project object */;
}
